
Microsoft Visual Studio Solution File, Format Version 12.00
# Visual Studio Version 17
VisualStudioVersion = 17.7.34024.191
MinimumVisualStudioVersion = 10.0.40219.1
Project("{FAE04EC0-301F-11D3-BF4B-00C04F79EFBC}") = "Practica3.2", "Practica3.2\Practica3.2.csproj", "{EB399860-C31C-4204-90E6-9EA7C08A0402}"
EndProject
Global
	GlobalSection(SolutionConfigurationPlatforms) = preSolution
		Debug|Any CPU = Debug|Any CPU
		Release|Any CPU = Release|Any CPU
	EndGlobalSection
	GlobalSection(ProjectConfigurationPlatforms) = postSolution
		{EB399860-C31C-4204-90E6-9EA7C08A0402}.Debug|Any CPU.ActiveCfg = Debug|Any CPU
		{EB399860-C31C-4204-90E6-9EA7C08A0402}.Debug|Any CPU.Build.0 = Debug|Any CPU
		{EB399860-C31C-4204-90E6-9EA7C08A0402}.Release|Any CPU.ActiveCfg = Release|Any CPU
		{EB399860-C31C-4204-90E6-9EA7C08A0402}.Release|Any CPU.Build.0 = Release|Any CPU
	EndGlobalSection
	GlobalSection(SolutionProperties) = preSolution
		HideSolutionNode = FALSE
	EndGlobalSection
	GlobalSection(ExtensibilityGlobals) = postSolution
		SolutionGuid = {843A86CA-3E8C-4CC9-AE85-1D3876058224}
	EndGlobalSection
EndGlobal
